
Microsoft Visual Studio Solution File, Format Version 12.00
# Visual Studio 15
VisualStudioVersion = 15.0.28307.168
MinimumVisualStudioVersion = 10.0.40219.1
Project("{FAE04EC0-301F-11D3-BF4B-00C04F79EFBC}") = "Maschinenmanager", "Maschinenmanager\Maschinenmanager.csproj", "{C40BBF9A-4E7F-47E4-8ECE-248C97D7FFBE}"
EndProject
Project("{FAE04EC0-301F-11D3-BF4B-00C04F79EFBC}") = "ElementBinding", "ElementBinding\ElementBinding.csproj", "{17482657-3323-460D-B88A-842DC03E766D}"
EndProject
Project("{FAE04EC0-301F-11D3-BF4B-00C04F79EFBC}") = "DataTemplates", "DataTemplates\DataTemplates.csproj", "{7C430FDE-49E5-4CD6-8769-65B24BF814ED}"
EndProject
Global
	GlobalSection(SolutionConfigurationPlatforms) = preSolution
		Debug|Any CPU = Debug|Any CPU
		Release|Any CPU = Release|Any CPU
	EndGlobalSection
	GlobalSection(ProjectConfigurationPlatforms) = postSolution
		{C40BBF9A-4E7F-47E4-8ECE-248C97D7FFBE}.Debug|Any CPU.ActiveCfg = Debug|Any CPU
		{C40BBF9A-4E7F-47E4-8ECE-248C97D7FFBE}.Debug|Any CPU.Build.0 = Debug|Any CPU
		{C40BBF9A-4E7F-47E4-8ECE-248C97D7FFBE}.Release|Any CPU.ActiveCfg = Release|Any CPU
		{C40BBF9A-4E7F-47E4-8ECE-248C97D7FFBE}.Release|Any CPU.Build.0 = Release|Any CPU
		{17482657-3323-460D-B88A-842DC03E766D}.Debug|Any CPU.ActiveCfg = Debug|Any CPU
		{17482657-3323-460D-B88A-842DC03E766D}.Debug|Any CPU.Build.0 = Debug|Any CPU
		{17482657-3323-460D-B88A-842DC03E766D}.Release|Any CPU.ActiveCfg = Release|Any CPU
		{17482657-3323-460D-B88A-842DC03E766D}.Release|Any CPU.Build.0 = Release|Any CPU
		{7C430FDE-49E5-4CD6-8769-65B24BF814ED}.Debug|Any CPU.ActiveCfg = Debug|Any CPU
		{7C430FDE-49E5-4CD6-8769-65B24BF814ED}.Debug|Any CPU.Build.0 = Debug|Any CPU
		{7C430FDE-49E5-4CD6-8769-65B24BF814ED}.Release|Any CPU.ActiveCfg = Release|Any CPU
		{7C430FDE-49E5-4CD6-8769-65B24BF814ED}.Release|Any CPU.Build.0 = Release|Any CPU
	EndGlobalSection
	GlobalSection(SolutionProperties) = preSolution
		HideSolutionNode = FALSE
	EndGlobalSection
	GlobalSection(ExtensibilityGlobals) = postSolution
		SolutionGuid = {E6BA094A-C947-4CAC-BF48-86C8659AB8BF}
	EndGlobalSection
EndGlobal
